// !$*UTF8*$!
{
	archiveVersion = 1;
	classes = {
	};
	objectVersion = 46;
	objects = {

/* Begin PBXBuildFile section */
		85109E571F5940C800AE91BA /* MapView.swift in Sources */ = {isa = PBXBuildFile; fileRef = 85109E561F5940C800AE91BA /* MapView.swift */; };
		85109E591F5943AE00AE91BA /* ProportionalView.swift in Sources */ = {isa = PBXBuildFile; fileRef = 85109E581F5943AE00AE91BA /* ProportionalView.swift */; };
		85109E5C1F598A0500AE91BA /* MapKit.framework in Frameworks */ = {isa = PBXBuildFile; fileRef = 85109E5B1F598A0500AE91BA /* MapKit.framework */; };
		85109E5E1F59954000AE91BA /* ProportionalStackView.swift in Sources */ = {isa = PBXBuildFile; fileRef = 85109E5D1F59954000AE91BA /* ProportionalStackView.swift */; };
		851396561F3C8E780067F9F2 /* AppDelegate.swift in Sources */ = {isa = PBXBuildFile; fileRef = 851396551F3C8E780067F9F2 /* AppDelegate.swift */; };
		8513965D1F3C8E780067F9F2 /* Assets.xcassets in Resources */ = {isa = PBXBuildFile; fileRef = 8513965C1F3C8E780067F9F2 /* Assets.xcassets */; };
		851396601F3C8E780067F9F2 /* LaunchScreen.storyboard in Resources */ = {isa = PBXBuildFile; fileRef = 8513965E1F3C8E780067F9F2 /* LaunchScreen.storyboard */; };
		8513966C1F3C8F080067F9F2 /* LocationViewController.swift in Sources */ = {isa = PBXBuildFile; fileRef = 8513966B1F3C8F080067F9F2 /* LocationViewController.swift */; };
		8513966E1F3C91A80067F9F2 /* RegionViewController.swift in Sources */ = {isa = PBXBuildFile; fileRef = 8513966D1F3C91A80067F9F2 /* RegionViewController.swift */; };
		851396701F3C94070067F9F2 /* RegionTableView.swift in Sources */ = {isa = PBXBuildFile; fileRef = 8513966F1F3C94070067F9F2 /* RegionTableView.swift */; };
		851396741F3C9B210067F9F2 /* RegionTableViewCell.swift in Sources */ = {isa = PBXBuildFile; fileRef = 851396731F3C9B210067F9F2 /* RegionTableViewCell.swift */; };
		854941141F3DEEDB00C130B0 /* LocationTableView.swift in Sources */ = {isa = PBXBuildFile; fileRef = 854941131F3DEEDB00C130B0 /* LocationTableView.swift */; };
		854941161F3DEEED00C130B0 /* LocationTableViewCell.swift in Sources */ = {isa = PBXBuildFile; fileRef = 854941151F3DEEED00C130B0 /* LocationTableViewCell.swift */; };
		8573283C1F471BAC001F4759 /* Country.swift in Sources */ = {isa = PBXBuildFile; fileRef = 8573283B1F471BAC001F4759 /* Country.swift */; };
		85A07B471F42E993003B0EDD /* LocationDetailViewController.swift in Sources */ = {isa = PBXBuildFile; fileRef = 85A07B461F42E993003B0EDD /* LocationDetailViewController.swift */; };
		85A07B491F430A63003B0EDD /* LocationDetailTableView.swift in Sources */ = {isa = PBXBuildFile; fileRef = 85A07B481F430A63003B0EDD /* LocationDetailTableView.swift */; };
		85A07B4B1F430AA4003B0EDD /* LocationDetailTableViewCell.swift in Sources */ = {isa = PBXBuildFile; fileRef = 85A07B4A1F430AA4003B0EDD /* LocationDetailTableViewCell.swift */; };
/* End PBXBuildFile section */

/* Begin PBXFileReference section */
		85109E561F5940C800AE91BA /* MapView.swift */ = {isa = PBXFileReference; fileEncoding = 4; lastKnownFileType = sourcecode.swift; path = MapView.swift; sourceTree = "<group>"; };
		85109E581F5943AE00AE91BA /* ProportionalView.swift */ = {isa = PBXFileReference; fileEncoding = 4; lastKnownFileType = sourcecode.swift; path = ProportionalView.swift; sourceTree = "<group>"; };
		85109E5B1F598A0500AE91BA /* MapKit.framework */ = {isa = PBXFileReference; lastKnownFileType = wrapper.framework; name = MapKit.framework; path = System/Library/Frameworks/MapKit.framework; sourceTree = SDKROOT; };
		85109E5D1F59954000AE91BA /* ProportionalStackView.swift */ = {isa = PBXFileReference; fileEncoding = 4; lastKnownFileType = sourcecode.swift; path = ProportionalStackView.swift; sourceTree = "<group>"; };
		851396521F3C8E780067F9F2 /* BankLocations.app */ = {isa = PBXFileReference; explicitFileType = wrapper.application; includeInIndex = 0; path = BankLocations.app; sourceTree = BUILT_PRODUCTS_DIR; };
		851396551F3C8E780067F9F2 /* AppDelegate.swift */ = {isa = PBXFileReference; lastKnownFileType = sourcecode.swift; path = AppDelegate.swift; sourceTree = "<group>"; };
		8513965C1F3C8E780067F9F2 /* Assets.xcassets */ = {isa = PBXFileReference; lastKnownFileType = folder.assetcatalog; path = Assets.xcassets; sourceTree = "<group>"; };
		8513965F1F3C8E780067F9F2 /* Base */ = {isa = PBXFileReference; lastKnownFileType = file.storyboard; name = Base; path = Base.lproj/LaunchScreen.storyboard; sourceTree = "<group>"; };
		851396611F3C8E780067F9F2 /* Info.plist */ = {isa = PBXFileReference; lastKnownFileType = text.plist.xml; path = Info.plist; sourceTree = "<group>"; };
		8513966B1F3C8F080067F9F2 /* LocationViewController.swift */ = {isa = PBXFileReference; fileEncoding = 4; lastKnownFileType = sourcecode.swift; path = LocationViewController.swift; sourceTree = "<group>"; };
		8513966D1F3C91A80067F9F2 /* RegionViewController.swift */ = {isa = PBXFileReference; fileEncoding = 4; lastKnownFileType = sourcecode.swift; path = RegionViewController.swift; sourceTree = "<group>"; };
		8513966F1F3C94070067F9F2 /* RegionTableView.swift */ = {isa = PBXFileReference; fileEncoding = 4; lastKnownFileType = sourcecode.swift; path = RegionTableView.swift; sourceTree = "<group>"; };
		851396731F3C9B210067F9F2 /* RegionTableViewCell.swift */ = {isa = PBXFileReference; fileEncoding = 4; lastKnownFileType = sourcecode.swift; path = RegionTableViewCell.swift; sourceTree = "<group>"; };
		854941131F3DEEDB00C130B0 /* LocationTableView.swift */ = {isa = PBXFileReference; fileEncoding = 4; lastKnownFileType = sourcecode.swift; path = LocationTableView.swift; sourceTree = "<group>"; };
		854941151F3DEEED00C130B0 /* LocationTableViewCell.swift */ = {isa = PBXFileReference; fileEncoding = 4; lastKnownFileType = sourcecode.swift; path = LocationTableViewCell.swift; sourceTree = "<group>"; };
		8573283B1F471BAC001F4759 /* Country.swift */ = {isa = PBXFileReference; fileEncoding = 4; lastKnownFileType = sourcecode.swift; path = Country.swift; sourceTree = "<group>"; };
		85A07B461F42E993003B0EDD /* LocationDetailViewController.swift */ = {isa = PBXFileReference; fileEncoding = 4; lastKnownFileType = sourcecode.swift; path = LocationDetailViewController.swift; sourceTree = "<group>"; };
		85A07B481F430A63003B0EDD /* LocationDetailTableView.swift */ = {isa = PBXFileReference; fileEncoding = 4; lastKnownFileType = sourcecode.swift; path = LocationDetailTableView.swift; sourceTree = "<group>"; };
		85A07B4A1F430AA4003B0EDD /* LocationDetailTableViewCell.swift */ = {isa = PBXFileReference; fileEncoding = 4; lastKnownFileType = sourcecode.swift; path = LocationDetailTableViewCell.swift; sourceTree = "<group>"; };
/* End PBXFileReference section */

/* Begin PBXFrameworksBuildPhase section */
		8513964F1F3C8E780067F9F2 /* Frameworks */ = {
			isa = PBXFrameworksBuildPhase;
			buildActionMask = 2147483647;
			files = (
				85109E5C1F598A0500AE91BA /* MapKit.framework in Frameworks */,
			);
			runOnlyForDeploymentPostprocessing = 0;
		};
/* End PBXFrameworksBuildPhase section */

/* Begin PBXGroup section */
		85109E5A1F598A0500AE91BA /* Frameworks */ = {
			isa = PBXGroup;
			children = (
				85109E5B1F598A0500AE91BA /* MapKit.framework */,
			);
			name = Frameworks;
			sourceTree = "<group>";
		};
		851396491F3C8E780067F9F2 = {
			isa = PBXGroup;
			children = (
				851396541F3C8E780067F9F2 /* BankLocations */,
				851396531F3C8E780067F9F2 /* Products */,
				85109E5A1F598A0500AE91BA /* Frameworks */,
			);
			sourceTree = "<group>";
		};
		851396531F3C8E780067F9F2 /* Products */ = {
			isa = PBXGroup;
			children = (
				851396521F3C8E780067F9F2 /* BankLocations.app */,
			);
			name = Products;
			sourceTree = "<group>";
		};
		851396541F3C8E780067F9F2 /* BankLocations */ = {
			isa = PBXGroup;
			children = (
				8573283A1F471099001F4759 /* Network */,
				857328391F471082001F4759 /* Model */,
				8513966A1F3C8EC30067F9F2 /* ViewController */,
				851396691F3C8EBE0067F9F2 /* View */,
				851396681F3C8EB20067F9F2 /* Delegate */,
				851396671F3C8E870067F9F2 /* Support */,
			);
			path = BankLocations;
			sourceTree = "<group>";
		};
		851396671F3C8E870067F9F2 /* Support */ = {
			isa = PBXGroup;
			children = (
				8513965C1F3C8E780067F9F2 /* Assets.xcassets */,
				8513965E1F3C8E780067F9F2 /* LaunchScreen.storyboard */,
				851396611F3C8E780067F9F2 /* Info.plist */,
			);
			name = Support;
			sourceTree = "<group>";
		};
		851396681F3C8EB20067F9F2 /* Delegate */ = {
			isa = PBXGroup;
			children = (
				851396551F3C8E780067F9F2 /* AppDelegate.swift */,
			);
			name = Delegate;
			sourceTree = "<group>";
		};
		851396691F3C8EBE0067F9F2 /* View */ = {
			isa = PBXGroup;
			children = (
				8513966F1F3C94070067F9F2 /* RegionTableView.swift */,
				851396731F3C9B210067F9F2 /* RegionTableViewCell.swift */,
				854941131F3DEEDB00C130B0 /* LocationTableView.swift */,
				854941151F3DEEED00C130B0 /* LocationTableViewCell.swift */,
				85A07B481F430A63003B0EDD /* LocationDetailTableView.swift */,
				85A07B4A1F430AA4003B0EDD /* LocationDetailTableViewCell.swift */,
				85109E561F5940C800AE91BA /* MapView.swift */,
				85109E581F5943AE00AE91BA /* ProportionalView.swift */,
				85109E5D1F59954000AE91BA /* ProportionalStackView.swift */,
			);
			name = View;
			sourceTree = "<group>";
		};
		8513966A1F3C8EC30067F9F2 /* ViewController */ = {
			isa = PBXGroup;
			children = (
				8513966D1F3C91A80067F9F2 /* RegionViewController.swift */,
				8513966B1F3C8F080067F9F2 /* LocationViewController.swift */,
				85A07B461F42E993003B0EDD /* LocationDetailViewController.swift */,
			);
			name = ViewController;
			sourceTree = "<group>";
		};
		857328391F471082001F4759 /* Model */ = {
			isa = PBXGroup;
			children = (
				8573283B1F471BAC001F4759 /* Country.swift */,
			);
			name = Model;
			sourceTree = "<group>";
		};
		8573283A1F471099001F4759 /* Network */ = {
			isa = PBXGroup;
			children = (
			);
			name = Network;
			sourceTree = "<group>";
		};
/* End PBXGroup section */

/* Begin PBXNativeTarget section */
		851396511F3C8E780067F9F2 /* BankLocations */ = {
			isa = PBXNativeTarget;
			buildConfigurationList = 851396641F3C8E780067F9F2 /* Build configuration list for PBXNativeTarget "BankLocations" */;
			buildPhases = (
				8513964E1F3C8E780067F9F2 /* Sources */,
				8513964F1F3C8E780067F9F2 /* Frameworks */,
				851396501F3C8E780067F9F2 /* Resources */,
			);
			buildRules = (
			);
			dependencies = (
			);
			name = BankLocations;
			productName = BankLocations;
			productReference = 851396521F3C8E780067F9F2 /* BankLocations.app */;
			productType = "com.apple.product-type.application";
		};
/* End PBXNativeTarget section */

/* Begin PBXProject section */
		8513964A1F3C8E780067F9F2 /* Project object */ = {
			isa = PBXProject;
			attributes = {
				LastSwiftUpdateCheck = 0830;
				LastUpgradeCheck = 0830;
				ORGANIZATIONNAME = "Sergei Jepifanov";
				TargetAttributes = {
					851396511F3C8E780067F9F2 = {
						CreatedOnToolsVersion = 8.3.3;
						DevelopmentTeam = NDE4KZE7S8;
						ProvisioningStyle = Automatic;
						SystemCapabilities = {
							com.apple.Maps.iOS = {
								enabled = 1;
							};
						};
					};
				};
			};
			buildConfigurationList = 8513964D1F3C8E780067F9F2 /* Build configuration list for PBXProject "BankLocations" */;
			compatibilityVersion = "Xcode 3.2";
			developmentRegion = English;
			hasScannedForEncodings = 0;
			knownRegions = (
				en,
				Base,
			);
			mainGroup = 851396491F3C8E780067F9F2;
			productRefGroup = 851396531F3C8E780067F9F2 /* Products */;
			projectDirPath = "";
			projectRoot = "";
			targets = (
				851396511F3C8E780067F9F2 /* BankLocations */,
			);
		};
/* End PBXProject section */

/* Begin PBXResourcesBuildPhase section */
		851396501F3C8E780067F9F2 /* Resources */ = {
			isa = PBXResourcesBuildPhase;
			buildActionMask = 2147483647;
			files = (
				851396601F3C8E780067F9F2 /* LaunchScreen.storyboard in Resources */,
				8513965D1F3C8E780067F9F2 /* Assets.xcassets in Resources */,
			);
			runOnlyForDeploymentPostprocessing = 0;
		};
/* End PBXResourcesBuildPhase section */

/* Begin PBXSourcesBuildPhase section */
		8513964E1F3C8E780067F9F2 /* Sources */ = {
			isa = PBXSourcesBuildPhase;
			buildActionMask = 2147483647;
			files = (
				85A07B471F42E993003B0EDD /* LocationDetailViewController.swift in Sources */,
				85109E571F5940C800AE91BA /* MapView.swift in Sources */,
				854941141F3DEEDB00C130B0 /* LocationTableView.swift in Sources */,
				854941161F3DEEED00C130B0 /* LocationTableViewCell.swift in Sources */,
				85A07B491F430A63003B0EDD /* LocationDetailTableView.swift in Sources */,
				8513966C1F3C8F080067F9F2 /* LocationViewController.swift in Sources */,
				851396561F3C8E780067F9F2 /* AppDelegate.swift in Sources */,
				851396741F3C9B210067F9F2 /* RegionTableViewCell.swift in Sources */,
				8573283C1F471BAC001F4759 /* Country.swift in Sources */,
				8513966E1F3C91A80067F9F2 /* RegionViewController.swift in Sources */,
				85109E5E1F59954000AE91BA /* ProportionalStackView.swift in Sources */,
				851396701F3C94070067F9F2 /* RegionTableView.swift in Sources */,
				85A07B4B1F430AA4003B0EDD /* LocationDetailTableViewCell.swift in Sources */,
				85109E591F5943AE00AE91BA /* ProportionalView.swift in Sources */,
			);
			runOnlyForDeploymentPostprocessing = 0;
		};
/* End PBXSourcesBuildPhase section */

/* Begin PBXVariantGroup section */
		8513965E1F3C8E780067F9F2 /* LaunchScreen.storyboard */ = {
			isa = PBXVariantGroup;
			children = (
				8513965F1F3C8E780067F9F2 /* Base */,
			);
			name = LaunchScreen.storyboard;
			sourceTree = "<group>";
		};
/* End PBXVariantGroup section */

/* Begin XCBuildConfiguration section */
		851396621F3C8E780067F9F2 /* Debug */ = {
			isa = XCBuildConfiguration;
			buildSettings = {
				ALWAYS_SEARCH_USER_PATHS = NO;
				CLANG_ANALYZER_NONNULL = YES;
				CLANG_ANALYZER_NUMBER_OBJECT_CONVERSION = YES_AGGRESSIVE;
				CLANG_CXX_LANGUAGE_STANDARD = "gnu++0x";
				CLANG_CXX_LIBRARY = "libc++";
				CLANG_ENABLE_MODULES = YES;
				CLANG_ENABLE_OBJC_ARC = YES;
				CLANG_WARN_BOOL_CONVERSION = YES;
				CLANG_WARN_CONSTANT_CONVERSION = YES;
				CLANG_WARN_DIRECT_OBJC_ISA_USAGE = YES_ERROR;
				CLANG_WARN_DOCUMENTATION_COMMENTS = YES;
				CLANG_WARN_EMPTY_BODY = YES;
				CLANG_WARN_ENUM_CONVERSION = YES;
				CLANG_WARN_INFINITE_RECURSION = YES;
				CLANG_WARN_INT_CONVERSION = YES;
				CLANG_WARN_OBJC_ROOT_CLASS = YES_ERROR;
				CLANG_WARN_SUSPICIOUS_MOVE = YES;
				CLANG_WARN_UNREACHABLE_CODE = YES;
				CLANG_WARN__DUPLICATE_METHOD_MATCH = YES;
				"CODE_SIGN_IDENTITY[sdk=iphoneos*]" = "iPhone Developer";
				COPY_PHASE_STRIP = NO;
				DEBUG_INFORMATION_FORMAT = dwarf;
				ENABLE_STRICT_OBJC_MSGSEND = YES;
				ENABLE_TESTABILITY = YES;
				GCC_C_LANGUAGE_STANDARD = gnu99;
				GCC_DYNAMIC_NO_PIC = NO;
				GCC_NO_COMMON_BLOCKS = YES;
				GCC_OPTIMIZATION_LEVEL = 0;
				GCC_PREPROCESSOR_DEFINITIONS = (
					"DEBUG=1",
					"$(inherited)",
				);
				GCC_WARN_64_TO_32_BIT_CONVERSION = YES;
				GCC_WARN_ABOUT_RETURN_TYPE = YES_ERROR;
				GCC_WARN_UNDECLARED_SELECTOR = YES;
				GCC_WARN_UNINITIALIZED_AUTOS = YES_AGGRESSIVE;
				GCC_WARN_UNUSED_FUNCTION = YES;
				GCC_WARN_UNUSED_VARIABLE = YES;
				IPHONEOS_DEPLOYMENT_TARGET = 10.3;
				MTL_ENABLE_DEBUG_INFO = YES;
				ONLY_ACTIVE_ARCH = YES;
				SDKROOT = iphoneos;
				SWIFT_ACTIVE_COMPILATION_CONDITIONS = DEBUG;
				SWIFT_OPTIMIZATION_LEVEL = "-Onone";
				TARGETED_DEVICE_FAMILY = "1,2";
			};
			name = Debug;
		};
		851396631F3C8E780067F9F2 /* Release */ = {
			isa = XCBuildConfiguration;
			buildSettings = {
				ALWAYS_SEARCH_USER_PATHS = NO;
				CLANG_ANALYZER_NONNULL = YES;
				CLANG_ANALYZER_NUMBER_OBJECT_CONVERSION = YES_AGGRESSIVE;
				CLANG_CXX_LANGUAGE_STANDARD = "gnu++0x";
				CLANG_CXX_LIBRARY = "libc++";
				CLANG_ENABLE_MODULES = YES;
				CLANG_ENABLE_OBJC_ARC = YES;
				CLANG_WARN_BOOL_CONVERSION = YES;
				CLANG_WARN_CONSTANT_CONVERSION = YES;
				CLANG_WARN_DIRECT_OBJC_ISA_USAGE = YES_ERROR;
				CLANG_WARN_DOCUMENTATION_COMMENTS = YES;
				CLANG_WARN_EMPTY_BODY = YES;
				CLANG_WARN_ENUM_CONVERSION = YES;
				CLANG_WARN_INFINITE_RECURSION = YES;
				CLANG_WARN_INT_CONVERSION = YES;
				CLANG_WARN_OBJC_ROOT_CLASS = YES_ERROR;
				CLANG_WARN_SUSPICIOUS_MOVE = YES;
				CLANG_WARN_UNREACHABLE_CODE = YES;
				CLANG_WARN__DUPLICATE_METHOD_MATCH = YES;
				"CODE_SIGN_IDENTITY[sdk=iphoneos*]" = "iPhone Developer";
				COPY_PHASE_STRIP = NO;
				DEBUG_INFORMATION_FORMAT = "dwarf-with-dsym";
				ENABLE_NS_ASSERTIONS = NO;
				ENABLE_STRICT_OBJC_MSGSEND = YES;
				GCC_C_LANGUAGE_STANDARD = gnu99;
				GCC_NO_COMMON_BLOCKS = YES;
				GCC_WARN_64_TO_32_BIT_CONVERSION = YES;
				GCC_WARN_ABOUT_RETURN_TYPE = YES_ERROR;
				GCC_WARN_UNDECLARED_SELECTOR = YES;
				GCC_WARN_UNINITIALIZED_AUTOS = YES_AGGRESSIVE;
				GCC_WARN_UNUSED_FUNCTION = YES;
				GCC_WARN_UNUSED_VARIABLE = YES;
				IPHONEOS_DEPLOYMENT_TARGET = 10.3;
				MTL_ENABLE_DEBUG_INFO = NO;
				SDKROOT = iphoneos;
				SWIFT_OPTIMIZATION_LEVEL = "-Owholemodule";
				TARGETED_DEVICE_FAMILY = "1,2";
				VALIDATE_PRODUCT = YES;
			};
			name = Release;
		};
		851396651F3C8E780067F9F2 /* Debug */ = {
			isa = XCBuildConfiguration;
			buildSettings = {
				ASSETCATALOG_COMPILER_APPICON_NAME = AppIcon;
				DEVELOPMENT_TEAM = NDE4KZE7S8;
				INFOPLIST_FILE = BankLocations/Info.plist;
				LD_RUNPATH_SEARCH_PATHS = "$(inherited) @executable_path/Frameworks";
				PRODUCT_BUNDLE_IDENTIFIER = com.luxperpetua.BankLocations;
				PRODUCT_NAME = "$(TARGET_NAME)";
				SWIFT_VERSION = 3.0;
			};
			name = Debug;
		};
		851396661F3C8E780067F9F2 /* Release */ = {
			isa = XCBuildConfiguration;
			buildSettings = {
				ASSETCATALOG_COMPILER_APPICON_NAME = AppIcon;
				DEVELOPMENT_TEAM = NDE4KZE7S8;
				INFOPLIST_FILE = BankLocations/Info.plist;
				LD_RUNPATH_SEARCH_PATHS = "$(inherited) @executable_path/Frameworks";
				PRODUCT_BUNDLE_IDENTIFIER = com.luxperpetua.BankLocations;
				PRODUCT_NAME = "$(TARGET_NAME)";
				SWIFT_VERSION = 3.0;
			};
			name = Release;
		};
/* End XCBuildConfiguration section */

/* Begin XCConfigurationList section */
		8513964D1F3C8E780067F9F2 /* Build configuration list for PBXProject "BankLocations" */ = {
			isa = XCConfigurationList;
			buildConfigurations = (
				851396621F3C8E780067F9F2 /* Debug */,
				851396631F3C8E780067F9F2 /* Release */,
			);
			defaultConfigurationIsVisible = 0;
			defaultConfigurationName = Release;
		};
		851396641F3C8E780067F9F2 /* Build configuration list for PBXNativeTarget "BankLocations" */ = {
			isa = XCConfigurationList;
			buildConfigurations = (
				851396651F3C8E780067F9F2 /* Debug */,
				851396661F3C8E780067F9F2 /* Release */,
			);
			defaultConfigurationIsVisible = 0;
			defaultConfigurationName = Release;
		};
/* End XCConfigurationList section */
	};
	rootObject = 8513964A1F3C8E780067F9F2 /* Project object */;
}
